{
  "pins" : [
    {
      "identity" : "deprecatedapikit",
      "kind" : "remoteSourceControl",
      "location" : "https://github.com/JWIMaster/DeprecatedAPIKit",
      "state" : {
        "branch" : "master",
        "revision" : "d506c40fabb9045fa67e29f33ead7310e8b19454"
      }
    },
    {
      "identity" : "foundationcompatkit",
      "kind" : "remoteSourceControl",
      "location" : "https://github.com/JWIMaster/FoundationCompatKit.git",
      "state" : {
        "branch" : "master",
        "revision" : "9bc6b1034bb141a4294d0f619492f90ba80d1599"
      }
    },
    {
      "identity" : "foundationextensions",
      "kind" : "remoteSourceControl",
      "location" : "https://github.com/JWIMaster/FoundationExtensions",
      "state" : {
        "branch" : "master",
        "revision" : "6a85e00bb47025831c355ae92722469e1e45a28f"
      }
    },
    {
      "identity" : "modernsdkkit",
      "kind" : "remoteSourceControl",
      "location" : "https://github.com/JWIMaster/ModernSDKKit",
      "state" : {
        "branch" : "master",
        "revision" : "d506132e862b3e0e2b728857219a531d0d8fef8b"
      }
    },
    {
      "identity" : "nsjsonserialization-for-swift",
      "kind" : "remoteSourceControl",
      "location" : "https://github.com/JWIMaster/NSJSONSerialization-for-Swift",
      "state" : {
        "branch" : "master",
        "revision" : "7f30560fccca01843cff7ff1c6be4c0a1f066cac"
      }
    },
    {
      "identity" : "sfsymbolscompatkit",
      "kind" : "remoteSourceControl",
      "location" : "https://github.com/JWIMaster/SFSymbolsCompatKit.git",
      "state" : {
        "branch" : "master",
        "revision" : "601133a5716a241d733683a0f848e5bf366f693b"
      }
    },
    {
      "identity" : "tsmarkdownparser",
      "kind" : "remoteSourceControl",
      "location" : "https://github.com/JWIMaster/TSMarkdownParser.git",
      "state" : {
        "branch" : "master",
        "revision" : "9eb0b5156cf56ca800cb650e413bb6ad31b8bfe0"
      }
    },
    {
      "identity" : "uikitcompatkit",
      "kind" : "remoteSourceControl",
      "location" : "https://github.com/JWIMaster/UIKitCompatKit.git",
      "state" : {
        "branch" : "master",
        "revision" : "709a64783577a80fa0e024461fd77f82ceb1cbcb"
      }
    },
    {
      "identity" : "uikitextensions",
      "kind" : "remoteSourceControl",
      "location" : "https://github.com/JWIMaster/UIKitExtensions.git",
      "state" : {
        "branch" : "master",
        "revision" : "e78d7a3343d95604c267774ee93b211a1d5049ef"
      }
    }
  ],
  "version" : 2
}
