{
  "pins" : [
    {
      "identity" : "deprecatedapikit",
      "kind" : "remoteSourceControl",
      "location" : "https://github.com/JWIMaster/DeprecatedAPIKit",
      "state" : {
        "branch" : "master",
        "revision" : "d506c40fabb9045fa67e29f33ead7310e8b19454"
      }
    },
    {
      "identity" : "foundationcompatkit",
      "kind" : "remoteSourceControl",
      "location" : "https://github.com/JWIMaster/FoundationCompatKit.git",
      "state" : {
        "branch" : "master",
        "revision" : "64c38757ed7e06be3d6966cfee6272e995276d80"
      }
    },
    {
      "identity" : "foundationextensions",
      "kind" : "remoteSourceControl",
      "location" : "https://github.com/JWIMaster/FoundationExtensions",
      "state" : {
        "branch" : "master",
        "revision" : "6a85e00bb47025831c355ae92722469e1e45a28f"
      }
    },
    {
      "identity" : "modernsdkkit",
      "kind" : "remoteSourceControl",
      "location" : "https://github.com/JWIMaster/ModernSDKKit",
      "state" : {
        "branch" : "master",
        "revision" : "d506132e862b3e0e2b728857219a531d0d8fef8b"
      }
    },
    {
      "identity" : "nsjsonserialization-for-swift",
      "kind" : "remoteSourceControl",
      "location" : "https://github.com/JWIMaster/NSJSONSerialization-for-Swift",
      "state" : {
        "branch" : "master",
        "revision" : "7f30560fccca01843cff7ff1c6be4c0a1f066cac"
      }
    },
    {
      "identity" : "sfsymbolscompatkit",
      "kind" : "remoteSourceControl",
      "location" : "https://github.com/JWIMaster/SFSymbolsCompatKit.git",
      "state" : {
        "branch" : "master",
        "revision" : "b1a23b5a0fc2d35f20f4e791fb255e8d301f293a"
      }
    },
    {
      "identity" : "tsmarkdownparser",
      "kind" : "remoteSourceControl",
      "location" : "https://github.com/JWIMaster/TSMarkdownParser.git",
      "state" : {
        "branch" : "master",
        "revision" : "5f56d6c893057079f98bcefcbbec8920c6e861f6"
      }
    },
    {
      "identity" : "uikitcompatkit",
      "kind" : "remoteSourceControl",
      "location" : "https://github.com/JWIMaster/UIKitCompatKit.git",
      "state" : {
        "branch" : "master",
        "revision" : "2bbc2d94d10bdd85d16d54039762ee89351dba69"
      }
    },
    {
      "identity" : "uikitextensions",
      "kind" : "remoteSourceControl",
      "location" : "https://github.com/JWIMaster/UIKitExtensions.git",
      "state" : {
        "branch" : "master",
        "revision" : "baa872346bf5d0b1ba3ceb4c93dce0525b4a5666"
      }
    }
  ],
  "version" : 2
}
